
Microsoft Visual Studio Solution File, Format Version 12.00
# Visual Studio Version 16
VisualStudioVersion = 16.0.28407.52
MinimumVisualStudioVersion = 10.0.40219.1
Project("{FAE04EC0-301F-11D3-BF4B-00C04F79EFBC}") = "Basic", "Basic\Basic.csproj", "{635B65AC-C9FF-4984-8568-1C429A32928C}"
EndProject
Global
	GlobalSection(SolutionConfigurationPlatforms) = preSolution
		Debug|Any CPU = Debug|Any CPU
		Release|Any CPU = Release|Any CPU
	EndGlobalSection
	GlobalSection(ProjectConfigurationPlatforms) = postSolution
		{635B65AC-C9FF-4984-8568-1C429A32928C}.Debug|Any CPU.ActiveCfg = Debug|Any CPU
		{635B65AC-C9FF-4984-8568-1C429A32928C}.Debug|Any CPU.Build.0 = Debug|Any CPU
		{635B65AC-C9FF-4984-8568-1C429A32928C}.Release|Any CPU.ActiveCfg = Release|Any CPU
		{635B65AC-C9FF-4984-8568-1C429A32928C}.Release|Any CPU.Build.0 = Release|Any CPU
	EndGlobalSection
	GlobalSection(SolutionProperties) = preSolution
		HideSolutionNode = FALSE
	EndGlobalSection
	GlobalSection(ExtensibilityGlobals) = postSolution
		SolutionGuid = {0929DD7C-B46C-4A5B-8916-C34B17496FF1}
	EndGlobalSection
EndGlobal
